
Microsoft Visual Studio Solution File, Format Version 12.00
# Visual Studio Version 16
VisualStudioVersion = 16.0.30611.23
MinimumVisualStudioVersion = 10.0.40219.1
Project("{8BC9CEB8-8B4A-11D0-8D11-00A0C91BC942}") = "Biatlonisti", "Biatlonisti\Biatlonisti.vcxproj", "{513BDC44-28F9-45B8-9DFD-BC57CEC85422}"
EndProject
Global
	GlobalSection(SolutionConfigurationPlatforms) = preSolution
		Debug|x64 = Debug|x64
		Debug|x86 = Debug|x86
		Release|x64 = Release|x64
		Release|x86 = Release|x86
	EndGlobalSection
	GlobalSection(ProjectConfigurationPlatforms) = postSolution
		{513BDC44-28F9-45B8-9DFD-BC57CEC85422}.Debug|x64.ActiveCfg = Debug|x64
		{513BDC44-28F9-45B8-9DFD-BC57CEC85422}.Debug|x64.Build.0 = Debug|x64
		{513BDC44-28F9-45B8-9DFD-BC57CEC85422}.Debug|x86.ActiveCfg = Debug|Win32
		{513BDC44-28F9-45B8-9DFD-BC57CEC85422}.Debug|x86.Build.0 = Debug|Win32
		{513BDC44-28F9-45B8-9DFD-BC57CEC85422}.Release|x64.ActiveCfg = Release|x64
		{513BDC44-28F9-45B8-9DFD-BC57CEC85422}.Release|x64.Build.0 = Release|x64
		{513BDC44-28F9-45B8-9DFD-BC57CEC85422}.Release|x86.ActiveCfg = Release|Win32
		{513BDC44-28F9-45B8-9DFD-BC57CEC85422}.Release|x86.Build.0 = Release|Win32
	EndGlobalSection
	GlobalSection(SolutionProperties) = preSolution
		HideSolutionNode = FALSE
	EndGlobalSection
	GlobalSection(ExtensibilityGlobals) = postSolution
		SolutionGuid = {06E28131-CA8E-4555-B53D-C353A4B36AB7}
	EndGlobalSection
EndGlobal
